{
    "_meta": {
        "hash": {
            "sha256": "a64a846dd4df537909923cc5c6707616409e7515d2a08d7ae2580c92726d6b63"
        },
        "pipfile-spec": 6,
        "requires": {
            "python_version": "3.8"
        },
        "sources": [
            {
                "name": "pypi",
                "url": "https://pypi.org/simple",
                "verify_ssl": true
            }
        ]
    },
    "default": {
        "cffi": {
            "hashes": [
                "sha256:001bf3242a1bb04d985d63e138230802c6c8d4db3668fb545fb5005ddf5bb5ff",
                "sha256:00789914be39dffba161cfc5be31b55775de5ba2235fe49aa28c148236c4e06b",
                "sha256:028a579fc9aed3af38f4892bdcc7390508adabc30c6af4a6e4f611b0c680e6ac",
                "sha256:14491a910663bf9f13ddf2bc8f60562d6bc5315c1f09c704937ef17293fb85b0",
                "sha256:1cae98a7054b5c9391eb3249b86e0e99ab1e02bb0cc0575da191aedadbdf4384",
                "sha256:2089ed025da3919d2e75a4d963d008330c96751127dd6f73c8dc0c65041b4c26",
                "sha256:2d384f4a127a15ba701207f7639d94106693b6cd64173d6c8988e2c25f3ac2b6",
                "sha256:337d448e5a725bba2d8293c48d9353fc68d0e9e4088d62a9571def317797522b",
                "sha256:399aed636c7d3749bbed55bc907c3288cb43c65c4389964ad5ff849b6370603e",
                "sha256:3b911c2dbd4f423b4c4fcca138cadde747abdb20d196c4a48708b8a2d32b16dd",
                "sha256:3d311bcc4a41408cf5854f06ef2c5cab88f9fded37a3b95936c9879c1640d4c2",
                "sha256:62ae9af2d069ea2698bf536dcfe1e4eed9090211dbaafeeedf5cb6c41b352f66",
                "sha256:66e41db66b47d0d8672d8ed2708ba91b2f2524ece3dee48b5dfb36be8c2f21dc",
                "sha256:675686925a9fb403edba0114db74e741d8181683dcf216be697d208857e04ca8",
                "sha256:7e63cbcf2429a8dbfe48dcc2322d5f2220b77b2e17b7ba023d6166d84655da55",
                "sha256:8a6c688fefb4e1cd56feb6c511984a6c4f7ec7d2a1ff31a10254f3c817054ae4",
                "sha256:8c0ffc886aea5df6a1762d0019e9cb05f825d0eec1f520c51be9d198701daee5",
                "sha256:95cd16d3dee553f882540c1ffe331d085c9e629499ceadfbda4d4fde635f4b7d",
                "sha256:99f748a7e71ff382613b4e1acc0ac83bf7ad167fb3802e35e90d9763daba4d78",
                "sha256:b8c78301cefcf5fd914aad35d3c04c2b21ce8629b5e4f4e45ae6812e461910fa",
                "sha256:c420917b188a5582a56d8b93bdd8e0f6eca08c84ff623a4c16e809152cd35793",
                "sha256:c43866529f2f06fe0edc6246eb4faa34f03fe88b64a0a9a942561c8e22f4b71f",
                "sha256:cab50b8c2250b46fe738c77dbd25ce017d5e6fb35d3407606e7a4180656a5a6a",
                "sha256:cef128cb4d5e0b3493f058f10ce32365972c554572ff821e175dbc6f8ff6924f",
                "sha256:cf16e3cf6c0a5fdd9bc10c21687e19d29ad1fe863372b5543deaec1039581a30",
                "sha256:e56c744aa6ff427a607763346e4170629caf7e48ead6921745986db3692f987f",
                "sha256:e577934fc5f8779c554639376beeaa5657d54349096ef24abe8c74c5d9c117c3",
                "sha256:f2b0fa0c01d8a0c7483afd9f31d7ecf2d71760ca24499c8697aeb5ca37dc090c"
            ],
            "version": "==1.14.0"
        },
        "freetype-py": {
            "hashes": [
                "sha256:719a639040484a063b99421d104e3911a860d2e034b67769ae438bc1d4aa6e1f",
                "sha256:8059ebad562d465555fa556739906a2429381ba6206989afe2b7c8c87fad19d8",
                "sha256:cf43716bc5246cd54a64b2238b942e8dc80b79eda92f814c720286fa6fab387a",
                "sha256:ede78730db61dc17c4524412aa3fccf038ede65400aa49b9e0a73a7e839a91a2"
            ],
            "markers": "python_version >= '3.6'",
            "version": "==2.2.0"
        },
        "glfw": {
            "hashes": [
                "sha256:20c918a1ae413a009f7559be9559bc2ec1d6251888f588ffa7a174d6db69a942",
                "sha256:3723db5e5628b2cd8729421fb6fc5fed3e5d25c7d1631f72f13301b218ee1600",
                "sha256:6324fed2c4fd1762ae580277c534b5dab6f360b8fb9aed3e1547cf33f63d207c",
                "sha256:88bd1cd2ace036d275e9af8312993068d94b3ac19248421eedc35a4baf53bb8c",
                "sha256:bb63f6121c40f5f17cd78328c040b40aeaca9ed748f440c40d2fcad824107a74",
                "sha256:f195ed7a43475e4f1603903d6999f3a6b470fda88bd1749ff10adc520abe8fb1",
                "sha256:fe9622a48ec9dc436e67de0d0bb4c9443996b5bd5564df1734d3a4280b728d38"
            ],
            "version": "==1.12.0"
        },
        "numpy": {
            "hashes": [
                "sha256:13af0184177469192d80db9bd02619f6fa8b922f9f327e077d6f2a6acb1ce1c0",
                "sha256:26a45798ca2a4e168d00de75d4a524abf5907949231512f372b217ede3429e98",
                "sha256:26f509450db547e4dfa3ec739419b31edad646d21fb8d0ed0734188b35ff6b27",
                "sha256:30a59fb41bb6b8c465ab50d60a1b298d1cd7b85274e71f38af5a75d6c475d2d2",
                "sha256:33c623ef9ca5e19e05991f127c1be5aeb1ab5cdf30cb1c5cf3960752e58b599b",
                "sha256:356f96c9fbec59974a592452ab6a036cd6f180822a60b529a975c9467fcd5f23",
                "sha256:3c40c827d36c6d1c3cf413694d7dc843d50997ebffbc7c87d888a203ed6403a7",
                "sha256:4d054f013a1983551254e2379385e359884e5af105e3efe00418977d02f634a7",
                "sha256:63d971bb211ad3ca37b2adecdd5365f40f3b741a455beecba70fd0dde8b2a4cb",
                "sha256:658624a11f6e1c252b2cd170d94bf28c8f9410acab9f2fd4369e11e1cd4e1aaf",
                "sha256:76766cc80d6128750075378d3bb7812cf146415bd29b588616f72c943c00d598",
                "sha256:7b57f26e5e6ee2f14f960db46bd58ffdca25ca06dd997729b1b179fddd35f5a3",
                "sha256:7b852817800eb02e109ae4a9cef2beda8dd50d98b76b6cfb7b5c0099d27b52d4",
                "sha256:8cde829f14bd38f6da7b2954be0f2837043e8b8d7a9110ec5e318ae6bf706610",
                "sha256:a2e3a39f43f0ce95204beb8fe0831199542ccab1e0c6e486a0b4947256215632",
                "sha256:a86c962e211f37edd61d6e11bb4df7eddc4a519a38a856e20a6498c319efa6b0",
                "sha256:a8705c5073fe3fcc297fb8e0b31aa794e05af6a329e81b7ca4ffecab7f2b95ef",
                "sha256:b6aaeadf1e4866ca0fdf7bb4eed25e521ae21a7947c59f78154b24fc7abbe1dd",
                "sha256:be62aeff8f2f054eff7725f502f6228298891fd648dc2630e03e44bf63e8cee0",
                "sha256:c2edbb783c841e36ca0fa159f0ae97a88ce8137fb3a6cd82eae77349ba4b607b",
                "sha256:cbe326f6d364375a8e5a8ccb7e9cd73f4b2f6dc3b2ed205633a0db8243e2a96a",
                "sha256:d34fbb98ad0d6b563b95de852a284074514331e6b9da0a9fc894fb1cdae7a79e",
                "sha256:d97a86937cf9970453c3b62abb55a6475f173347b4cde7f8dcdb48c8e1b9952d",
                "sha256:dd53d7c4a69e766e4900f29db5872f5824a06827d594427cf1a4aa542818b796",
                "sha256:df1889701e2dfd8ba4dc9b1a010f0a60950077fb5242bb92c8b5c7f1a6f2668a",
                "sha256:fa1fe75b4a9e18b66ae7f0b122543c42debcf800aaafa0212aaff3ad273c2596"
            ],
            "markers": "python_version >= '3.6'",
            "version": "==1.19.0"
        },
        "p5": {
            "hashes": [
                "sha256:05459595333e31c216081c2140d0c2448d37c15ad037be7eae68c2f7fc2d6879",
                "sha256:4977a9d1b1690d273d8fa4442e5382d61aa344492bf14e0b606dbd86a9add328"
            ],
            "index": "pypi",
            "version": "==0.6.0"
        },
        "pillow": {
            "hashes": [
                "sha256:0295442429645fa16d05bd567ef5cff178482439c9aad0411d3f0ce9b88b3a6f",
                "sha256:06aba4169e78c439d528fdeb34762c3b61a70813527a2c57f0540541e9f433a8",
                "sha256:09d7f9e64289cb40c2c8d7ad674b2ed6105f55dc3b09aa8e4918e20a0311e7ad",
                "sha256:0a80dd307a5d8440b0a08bd7b81617e04d870e40a3e46a32d9c246e54705e86f",
                "sha256:1ca594126d3c4def54babee699c055a913efb01e106c309fa6b04405d474d5ae",
                "sha256:25930fadde8019f374400f7986e8404c8b781ce519da27792cbe46eabec00c4d",
                "sha256:431b15cffbf949e89df2f7b48528be18b78bfa5177cb3036284a5508159492b5",
                "sha256:52125833b070791fcb5710fabc640fc1df07d087fc0c0f02d3661f76c23c5b8b",
                "sha256:5e51ee2b8114def244384eda1c82b10e307ad9778dac5c83fb0943775a653cd8",
                "sha256:612cfda94e9c8346f239bf1a4b082fdd5c8143cf82d685ba2dba76e7adeeb233",
                "sha256:6d7741e65835716ceea0fd13a7d0192961212fd59e741a46bbed7a473c634ed6",
                "sha256:6edb5446f44d901e8683ffb25ebdfc26988ee813da3bf91e12252b57ac163727",
                "sha256:725aa6cfc66ce2857d585f06e9519a1cc0ef6d13f186ff3447ab6dff0a09bc7f",
                "sha256:8dad18b69f710bf3a001d2bf3afab7c432785d94fcf819c16b5207b1cfd17d38",
                "sha256:94cf49723928eb6070a892cb39d6c156f7b5a2db4e8971cb958f7b6b104fb4c4",
                "sha256:97f9e7953a77d5a70f49b9a48da7776dc51e9b738151b22dacf101641594a626",
                "sha256:9ad7f865eebde135d526bb3163d0b23ffff365cf87e767c649550964ad72785d",
                "sha256:a060cf8aa332052df2158e5a119303965be92c3da6f2d93b6878f0ebca80b2f6",
                "sha256:c79f9c5fb846285f943aafeafda3358992d64f0ef58566e23484132ecd8d7d63",
                "sha256:c92302a33138409e8f1ad16731568c55c9053eee71bb05b6b744067e1b62380f",
                "sha256:d08b23fdb388c0715990cbc06866db554e1822c4bdcf6d4166cf30ac82df8c41",
                "sha256:d350f0f2c2421e65fbc62690f26b59b0bcda1b614beb318c81e38647e0f673a1",
                "sha256:ec29604081f10f16a7aea809ad42e27764188fc258b02259a03a8ff7ded3808d",
                "sha256:edf31f1150778abd4322444c393ab9c7bd2af271dd4dafb4208fb613b1f3cdc9",
                "sha256:f7e30c27477dffc3e85c2463b3e649f751789e0f6c8456099eea7ddd53be4a8a",
                "sha256:ffe538682dc19cc542ae7c3e504fdf54ca7f86fb8a135e59dd6bc8627eae6cce"
            ],
            "markers": "python_version >= '3.5'",
            "version": "==7.2.0"
        },
        "pycparser": {
            "hashes": [
                "sha256:2d475327684562c3a96cc71adf7dc8c4f0565175cf86b6d7a404ff4c771f15f0",
                "sha256:7582ad22678f0fcd81102833f60ef8d0e57288b6b5fb00323d101be910e35705"
            ],
            "markers": "python_version >= '2.7' and python_version not in '3.0, 3.1, 3.2, 3.3'",
            "version": "==2.20"
        },
        "pymunk": {
            "hashes": [
                "sha256:30c79cf94c2d46f21737b18aabb221b36c6287298dba1498beb7123b801e556b",
                "sha256:5c1bc4c58f52dfe8f206ab5eff2e652415e34adbc155c63be25d984db6331114",
                "sha256:7688620bdfd9b81442ee2ea12505440428b1703a2cd137c3e35d0ee5edc3ce70",
                "sha256:dba89d3e4eac40cca31468366b371459021ff1f433359297a8c96b1ede11c20b",
                "sha256:dceaa1f002e4703d5f599f27436bc13e7a92da19ee81b42a860756ed0bbfc664",
                "sha256:fd7fd0d3bbed006622754771a4d2d2787254de11f490dd7623a52b05d6d9b28c"
            ],
            "index": "pypi",
            "version": "==5.6.0"
        },
        "shapely": {
            "hashes": [
                "sha256:11090bd5b5f11d54e1924a11198226971dab6f392c2e5a3c74514857f764b971",
                "sha256:1af407c58e7898a511ad01dc6e7c2099493071d939340553686b27513db6478e",
                "sha256:2154b9f25c5f13785cb05ce80b2c86e542bc69671193743f29c9f4c791c35db3",
                "sha256:234c5424d61d8b263d6d20045f5f32437819627ca57c1ea0c08368013b49824b",
                "sha256:29be7767a32df19e2186288cee63e539b386a35139524dc22eeceb244d0b092b",
                "sha256:2a2d37105c1d6d936f829de6c1c4ec8d43484d7b8bae8493bdd4267140dce650",
                "sha256:3793b09cbd86fe297193b365cbaf58b2f7d1ddeb273213185b2ddbab360e54ae",
                "sha256:4acbd566544c33bbc58c7dd264638ff3b91a57d9b162693c37520ea60d13668d",
                "sha256:50f96eb9993b6d841aac0addb84ea5f9da81c3fa97e1ec67c11964c8bb4fa0a5",
                "sha256:640e8a82b5f69ccd14e7520dd66d1247cf362096586e663ef9b8098cc0cb272b",
                "sha256:7554b1acd64a34d78189ab2f691bac967e0d9b38a4f345044552f9dcf3f92149",
                "sha256:7e9b01e89712fd988f931721fa36298e06a02eedf87fe7a7fd704d08f74c00f1",
                "sha256:9c62a9f7adceaa3110f2ec359c70dddd1640191609e91029e4d307e63fc8a5af",
                "sha256:a6c07b3b87455d107b0e4097889e9aba80a0812abf32a322a133af819b85d68a",
                "sha256:ae9a2da2b30c0b42029337854f78c71c28d285d254efd5f3be3700d997bfd18e",
                "sha256:b845a97f8366cc4aca197c3b04304cc301d9250518123155732da6a0e0575b49",
                "sha256:cc0fb1851b59473d2fa2f257f1e35740875af3f402c4575b4115028234e6f2eb",
                "sha256:e21a9fe1a416463ff11ae037766fe410526c95700b9e545372475d2361cc951e",
                "sha256:f7eb83fb36755edcbeb76fb367104efdf980307536c38ef610cb2e1a321defe0"
            ],
            "index": "pypi",
            "version": "==1.7.0"
        },
        "triangle": {
            "hashes": [
                "sha256:07901a2f3ddaf23b7ebe9e6ab9c86a8efde1beab2d6a315d2983310867fcfa66",
                "sha256:0839001546a99d601fddeae04611518b3e46881127117d846e5f077f2c2dde4a",
                "sha256:0a06cd54b7a520bf31f952305d5f0d3094e03f9db65ba2963a2d7031eb49c0c1",
                "sha256:1ed8c0829e41e6443ff94343036c209db16273b3c878fc6adf941d6235b78298",
                "sha256:22b3f19b128624ca84a39b4ab0b0bd6523393a37cec59fe214ed5d811b28649a",
                "sha256:22f251f4b4ed0a6d22dc58979e755d31b1611962e8ccccff0a35d45c509f54ed",
                "sha256:27a3733e5dbd6ed5950e9d95d3b1ecdc02d1f51f12564044dfa618a157c84081",
                "sha256:322b80cea394a55dab7f00c34608965563921b9a954854dfd12595f58ba82bd7",
                "sha256:35710a949dbffc4c7dc8bb485af0c2ab856ee901269fef355f9fccf745bb8ee0",
                "sha256:4b3db8dbcbaa1bf19107990c98d29e02380a41ef083bd4144a71e6e453ee266e",
                "sha256:56e37004f833ce78b0595d19c3f83dd7cd053c7ed74b08b657d80729ac3b0ec9",
                "sha256:5b04ca1502d12f9248b5f8e634dfda690510985e9b3d183abd9c66681e1c8483",
                "sha256:67f599ff216decde4415d002d7a23a6429769297d3ec84821524cf9b49b90f4e",
                "sha256:6a7c422af76fe53fb03d111226667cd2468dd6e088a7eadfbe1def370ccce5c6",
                "sha256:78abf30b7190f1ec6263cc727bdf77d2da180d90fe35bf4e648ec9a9aacfbd69",
                "sha256:78af65635d3130b5a87891519c3ef402301f7f995ae30932f2646237b31a06ba",
                "sha256:81c4c638fdf9555e0e13ff27499fffc3b3cc2eda2734952ea5019cdcbc9288c6",
                "sha256:85aac2a008473170b8154ef5665476844ee6a09a11a96ae2d6a2a3b00962cf7d",
                "sha256:90d60f1c6844ece8918c08243aa74ce9dbe79600cd51088d43e3817718b5b2e7",
                "sha256:943cd934c83784c1981da82b6c26b98bb712107021f8ce569746c0e73b0515df",
                "sha256:9c8cfd000665e5c88f3b31ac608f238b179de4d540c69b392034cab2501a48fe",
                "sha256:a713692b9cb0276547897c21468d3a2be319292fe8a0718ef912c7f678f4d56f",
                "sha256:a803fc36ea2f07c4505b91ed7b343f7f7f78f9a063bfc5a7c9022e6914f6ac6e",
                "sha256:b26356e19a531275acb9e61893b6a619cf6f9ba8fddd7509fdac4ff5c5b76389",
                "sha256:b2d92ffe6fde7a38cbca79eed3faeb0bad903b1bc089b4261532d7333fa1abb8",
                "sha256:baa8631d6306fc6da0968b7ad58bcd51d77322f23661f22a619449873e58d38a",
                "sha256:be635a017dd0ce646835ec65c6f4d12744dae4b822317d61ff7b3114f6255496",
                "sha256:c20b4e2c13b58b0f1b5594e23fd40095c2b4972166b2e48b3546da1b308d5dfb",
                "sha256:c47cfcc4a57689151e665a38d34903c35084ca37264c184de86d24170a6ae0be",
                "sha256:c5d138e45dc4130c800d0368b3ed2e913d4053ae6e13a6ff2a1544174f3cc9a9",
                "sha256:c8763e7fced3538527829d9282d449432893afc923a33a3683ee1f61af2183c1",
                "sha256:c8beeb0ef16eaa05440ca6a8670834b4c78e0a127ae3b04c7bab478ec4ce41f0",
                "sha256:cba976dd9e7fa4464909968640729b73c74b5bb33918e7005650d32eb8ce8501",
                "sha256:d7e5a7613d0a55d6154f76afa695f1354df1556ff5f761e117e39e6d5ed3863f",
                "sha256:db32eb68657fb81d1278f1c96888cb42c0e2a4d34ce3204f780a2d439a4105a8",
                "sha256:e227b3e125899a5dac393aa9d05dbb0ad2827dc20efae24ecd30a52be4d39863",
                "sha256:ea423c64546956233ab60e057099337ef38ce5d6f5b41ee982340dfe98874d3f",
                "sha256:f0c4bbc14300e9a28394005932d1f5003b5aa892cb21307b39b9254ad69cbff0",
                "sha256:fc207641f8f39986f7d2bee1b91688a588cd235d2e67777422f94e61fece27e9",
                "sha256:fe985014a98245a73d0b1df7836ff7f1e4d740e88959ac8083d6673eacd7d399"
            ],
            "version": "==20200424"
        },
        "vispy": {
            "hashes": [
                "sha256:02929e5a2414dae33a64d4177172c0a36a71131cf3674e7d99b48d28e296a300",
                "sha256:1cd1ffefb462ea483fcb141deb900ac1e6a002d19338b30758069d3ec783bddd",
                "sha256:2037341a3e1c6e31a14015a98d9f5a7cdf805900c80058690d31e8ba99fc891d",
                "sha256:26d66815b68df401a4c50beab86cd6141ed315bbb2a12e9759db55a3c6737187",
                "sha256:33763666f1857f0dddeed3df19a6f611934df3a26c905e955c9ef9b2a5fb54f0",
                "sha256:370fbbd9d398c1ee9c9fc720cfb63cf4b81c9266d1960485b20eb7af1b4083d1",
                "sha256:45b44f3f621e4ea0e98d95d70a447a443d04793f9226ac346fb9b25e04e64160",
                "sha256:5645ac825c726cbf751a792802846e5583bf55567d751065df943877768b1de6",
                "sha256:61b6ccbf701f3a022d0081d7c78760a95cb5f5e368c799a9c2294eb15918aa0e",
                "sha256:627b6574b77c86e72a1e6b4522a5c9697c6f4cbb23678d8da9ff55c339264b1f",
                "sha256:6703ccb8f76f403ef536106c5c877e7551bc5097dc567f5fcd1363d55781e550",
                "sha256:7a08fa4578fc5e1e6b0bb52d15525233794a07cf6f80d27d96c76bf9a8a60ceb",
                "sha256:7c021fa1592b6249197863ac3839e2a8c92c283e194053df225fa94717a7aa14",
                "sha256:85a581e995938ae4e2e6d3613c74add9e5e10448c61fac198b20d2fa18b2a150",
                "sha256:a0e587d826ad0504add75962a2a5e29dcc9fe639156d92ac8384ee2e2be873e8",
                "sha256:a6bb5926c5c4107b77fbfb7ed259e82d7a8e363650b435062aa55c6d1cf9d4df",
                "sha256:c29b3973fb3fc756f43af7f9157e42cf8141cd922f3aa250dffe611139458d73",
                "sha256:dbe1a074d4e8940a150952e22e4e163d4085a6733fa780e228441ce8e4883c2e",
                "sha256:e59590a54f0b15190e0409a7a06ed210dfdc331ea9150c806d51a160df4b2bd3",
                "sha256:e8643285ee0b84dd16ea1c1261bce694454eebd3c6be6c81d10f9a92bd96bea2",
                "sha256:ea2891c433e928b30e40f5c128ac7d35ce7964592bfbf579fc02c955f0096564",
                "sha256:f5d27453181b4553e1c7f55435a8185effb71c554b1d2b369b8d2865c982fa92"
            ],
            "markers": "python_version >= '2.7' and python_version not in '3.0, 3.1, 3.2, 3.3, 3.4'",
            "version": "==0.6.4"
        }
    },
    "develop": {}
}
